
Microsoft Visual Studio Solution File, Format Version 12.00
# Visual Studio 15
VisualStudioVersion = 15.0.27004.2008
MinimumVisualStudioVersion = 10.0.40219.1
Project("{FAE04EC0-301F-11D3-BF4B-00C04F79EFBC}") = "SistemaVeterinaria", "SistemaVeterinaria\SistemaVeterinaria.csproj", "{B032795E-B5F5-43A8-BA5F-9D78DA4891DF}"
EndProject
Global
	GlobalSection(SolutionConfigurationPlatforms) = preSolution
		Debug|Any CPU = Debug|Any CPU
		Release|Any CPU = Release|Any CPU
	EndGlobalSection
	GlobalSection(ProjectConfigurationPlatforms) = postSolution
		{B032795E-B5F5-43A8-BA5F-9D78DA4891DF}.Debug|Any CPU.ActiveCfg = Debug|Any CPU
		{B032795E-B5F5-43A8-BA5F-9D78DA4891DF}.Debug|Any CPU.Build.0 = Debug|Any CPU
		{B032795E-B5F5-43A8-BA5F-9D78DA4891DF}.Release|Any CPU.ActiveCfg = Release|Any CPU
		{B032795E-B5F5-43A8-BA5F-9D78DA4891DF}.Release|Any CPU.Build.0 = Release|Any CPU
	EndGlobalSection
	GlobalSection(SolutionProperties) = preSolution
		HideSolutionNode = FALSE
	EndGlobalSection
	GlobalSection(ExtensibilityGlobals) = postSolution
		SolutionGuid = {ABB2ADA6-1FF2-473D-B668-E54C355B5CDB}
	EndGlobalSection
EndGlobal
